{
  "version": 4,
  "terraform_version": "1.4.6",
  "serial": 52,
  "lineage": "47fcc1f2-a434-73b7-e10a-ec97e52f7725",
  "outputs": {},
  "resources": [
    {
      "mode": "managed",
      "type": "yandex_compute_instance",
      "name": "default",
      "provider": "provider[\"registry.terraform.io/yandex-cloud/yandex\"]",
      "instances": [
        {
          "schema_version": 1,
          "attributes": {
            "allow_recreate": null,
            "allow_stopping_for_update": null,
            "boot_disk": [
              {
                "auto_delete": true,
                "device_name": "fhmgqq5sc20hkoev2fe3",
                "disk_id": "fhmgqq5sc20hkoev2fe3",
                "initialize_params": [
                  {
                    "block_size": 4096,
                    "description": "",
                    "image_id": "fd8q0kjl4l1iovds9f29",
                    "name": "",
                    "size": 20,
                    "snapshot_id": "",
                    "type": "network-hdd"
                  }
                ],
                "mode": "READ_WRITE"
              }
            ],
            "created_at": "2024-06-10T12:51:56Z",
            "description": "",
            "filesystem": [],
            "folder_id": "b1glorm4oekc0i95v44s",
            "fqdn": "fhmdgefk1rncdecll5ou.auto.internal",
            "gpu_cluster_id": "",
            "hostname": "",
            "id": "fhmdgefk1rncdecll5ou",
            "labels": null,
            "local_disk": [],
            "metadata": {
              "foo": "bar",
              "preemtible": "true",
              "ssh-keys": "alexg:ssh-rsa AAAAB3NzaC1yc2EAAAADAQABAAABgQDcTMOhvU7+qJcSGazrUMMkrDYwi8lcP9h6kTrbvdkle3y1wJRxdQrnN86yJrh7V4vrwiazG/I2kYpUOoL+/638kqtpibNrtgohBXH3CEB+mx0C08CSpS04NFpYvPv3X8SnIAyQYKpLgrhiqrcXTOBpmd8F3giSKNrophxg+WbfEbDwr4jG3wWRVb42hqBUvRZdGyioc1nS9FCXO5yE5bdG+WsXLD/3Qj4p8VDPUwPLIIZ4/YMCZG+8NClcVI5RGQB44j4RrWECBPpAOsEo56hh5NOZDWS0N9fkciAvAJsG9y5J0WINvLfnginK5BYCqG+3x/6pTv3/oumPlM885vJUVGX/xZ0IYDvoAIKLqrkgeyQhmH1ubGgHvc4wM0UQiIT5zjGLATJdQ5AUaajlmuLhaXpS4Ck0t8e2l4/DYba8Qt+QgjyAgw4pevT3j8WDsbZQFtjJKa8vT7nP8srk3bG0PCKS/e29f32K+2J37u7fpRkG2+eRNc3RUOv5+ygZJw8= wers4@192.168.1.7\n"
            },
            "metadata_options": [
              {
                "aws_v1_http_endpoint": 1,
                "aws_v1_http_token": 2,
                "gce_http_endpoint": 1,
                "gce_http_token": 1
              }
            ],
            "name": "test",
            "network_acceleration_type": "standard",
            "network_interface": [
              {
                "dns_record": [],
                "index": 0,
                "ip_address": "10.5.0.12",
                "ipv4": true,
                "ipv6": false,
                "ipv6_address": "",
                "ipv6_dns_record": [],
                "mac_address": "d0:0d:d8:39:f4:0e",
                "nat": true,
                "nat_dns_record": [],
                "nat_ip_address": "158.160.35.6",
                "nat_ip_version": "IPV4",
                "security_group_ids": [],
                "subnet_id": "e9bdn1bnr6f04808enqt"
              }
            ],
            "placement_policy": [
              {
                "host_affinity_rules": [],
                "placement_group_id": ""
              }
            ],
            "platform_id": "standard-v1",
            "resources": [
              {
                "core_fraction": 100,
                "cores": 2,
                "gpus": 0,
                "memory": 2
              }
            ],
            "scheduling_policy": [
              {
                "preemptible": false
              }
            ],
            "secondary_disk": [],
            "service_account_id": "",
            "status": "running",
            "timeouts": null,
            "zone": "ru-central1-a"
          },
          "sensitive_attributes": [],
          "private": "eyJlMmJmYjczMC1lY2FhLTExZTYtOGY4OC0zNDM2M2JjN2M0YzAiOnsiY3JlYXRlIjozMDAwMDAwMDAwMDAsImRlbGV0ZSI6MzAwMDAwMDAwMDAwLCJ1cGRhdGUiOjMwMDAwMDAwMDAwMH0sInNjaGVtYV92ZXJzaW9uIjoiMSJ9",
          "dependencies": [
            "yandex_vpc_address.addr",
            "yandex_vpc_network.foo",
            "yandex_vpc_subnet.foo"
          ]
        }
      ]
    },
    {
      "mode": "managed",
      "type": "yandex_vpc_address",
      "name": "addr",
      "provider": "provider[\"registry.terraform.io/yandex-cloud/yandex\"]",
      "instances": [
        {
          "schema_version": 0,
          "attributes": {
            "created_at": "2024-06-10T12:51:52Z",
            "deletion_protection": false,
            "description": "",
            "external_ipv4_address": [
              {
                "address": "158.160.35.6",
                "ddos_protection_provider": "",
                "outgoing_smtp_capability": "",
                "zone_id": "ru-central1-a"
              }
            ],
            "folder_id": "b1glorm4oekc0i95v44s",
            "id": "e9bm15vo3iduo22mgl95",
            "labels": {},
            "name": "",
            "reserved": true,
            "timeouts": null,
            "used": false
          },
          "sensitive_attributes": [],
          "private": "eyJlMmJmYjczMC1lY2FhLTExZTYtOGY4OC0zNDM2M2JjN2M0YzAiOnsiY3JlYXRlIjozMDAwMDAwMDAwMCwiZGVsZXRlIjozMDAwMDAwMDAwMCwidXBkYXRlIjozMDAwMDAwMDAwMH19"
        }
      ]
    },
    {
      "mode": "managed",
      "type": "yandex_vpc_network",
      "name": "foo",
      "provider": "provider[\"registry.terraform.io/yandex-cloud/yandex\"]",
      "instances": [
        {
          "schema_version": 0,
          "attributes": {
            "created_at": "2024-06-10T12:51:51Z",
            "default_security_group_id": "enp0fda72h5d9s91qs80",
            "description": "",
            "folder_id": "b1glorm4oekc0i95v44s",
            "id": "enpgdk46sai1g0pkolem",
            "labels": {},
            "name": "",
            "subnet_ids": [],
            "timeouts": null
          },
          "sensitive_attributes": [],
          "private": "eyJlMmJmYjczMC1lY2FhLTExZTYtOGY4OC0zNDM2M2JjN2M0YzAiOnsiY3JlYXRlIjo2MDAwMDAwMDAwMCwiZGVsZXRlIjo2MDAwMDAwMDAwMCwidXBkYXRlIjo2MDAwMDAwMDAwMH19"
        }
      ]
    },
    {
      "mode": "managed",
      "type": "yandex_vpc_subnet",
      "name": "foo",
      "provider": "provider[\"registry.terraform.io/yandex-cloud/yandex\"]",
      "instances": [
        {
          "schema_version": 0,
          "attributes": {
            "created_at": "2024-06-10T12:51:53Z",
            "description": "",
            "dhcp_options": [],
            "folder_id": "b1glorm4oekc0i95v44s",
            "id": "e9bdn1bnr6f04808enqt",
            "labels": {},
            "name": "",
            "network_id": "enpgdk46sai1g0pkolem",
            "route_table_id": "",
            "timeouts": null,
            "v4_cidr_blocks": [
              "10.5.0.0/24"
            ],
            "v6_cidr_blocks": [],
            "zone": "ru-central1-a"
          },
          "sensitive_attributes": [],
          "private": "eyJlMmJmYjczMC1lY2FhLTExZTYtOGY4OC0zNDM2M2JjN2M0YzAiOnsiY3JlYXRlIjoxODAwMDAwMDAwMDAsImRlbGV0ZSI6MTgwMDAwMDAwMDAwLCJ1cGRhdGUiOjE4MDAwMDAwMDAwMH19",
          "dependencies": [
            "yandex_vpc_network.foo"
          ]
        }
      ]
    }
  ],
  "check_results": null
}
